
Microsoft Visual Studio Solution File, Format Version 12.00
# Visual Studio Version 17
VisualStudioVersion = 17.11.35431.28
MinimumVisualStudioVersion = 10.0.40219.1
Project("{FAE04EC0-301F-11D3-BF4B-00C04F79EFBC}") = "BrainsFFPlayer", "BrainsFFPlayer\BrainsFFPlayer.csproj", "{100198F2-CD85-4E15-B577-40F5FA7BC0DF}"
EndProject
Global
	GlobalSection(SolutionConfigurationPlatforms) = preSolution
		Debug|Any CPU = Debug|Any CPU
		Release|Any CPU = Release|Any CPU
	EndGlobalSection
	GlobalSection(ProjectConfigurationPlatforms) = postSolution
		{100198F2-CD85-4E15-B577-40F5FA7BC0DF}.Debug|Any CPU.ActiveCfg = Debug|Any CPU
		{100198F2-CD85-4E15-B577-40F5FA7BC0DF}.Debug|Any CPU.Build.0 = Debug|Any CPU
		{100198F2-CD85-4E15-B577-40F5FA7BC0DF}.Release|Any CPU.ActiveCfg = Release|Any CPU
		{100198F2-CD85-4E15-B577-40F5FA7BC0DF}.Release|Any CPU.Build.0 = Release|Any CPU
	EndGlobalSection
	GlobalSection(SolutionProperties) = preSolution
		HideSolutionNode = FALSE
	EndGlobalSection
	GlobalSection(ExtensibilityGlobals) = postSolution
		SolutionGuid = {352DC9DF-51CE-4F50-AF14-72288627CF76}
	EndGlobalSection
EndGlobal
